{
  "version": 4,
  "terraform_version": "1.1.0",
  "serial": 8,
  "lineage": "1f2edee9-f841-ef82-6c05-c6cc06485843",
  "outputs": {},
  "resources": [
    {
      "mode": "managed",
      "type": "azurerm_data_factory",
      "name": "rg",
      "provider": "provider[\"registry.terraform.io/hashicorp/azurerm\"]",
      "instances": [
        {
          "schema_version": 2,
          "attributes": {
            "customer_managed_key_id": null,
            "github_configuration": [],
            "global_parameter": [],
            "id": "/subscriptions/c44e04a9-828f-4e12-860e-501e60d8c9f7/resourceGroups/saesa/providers/Microsoft.DataFactory/factories/df-ergo-dev",
            "identity": [
              {
                "identity_ids": [],
                "principal_id": "e5c52534-61da-42f6-b809-ed77157b724f",
                "tenant_id": "9992982b-589d-46c1-889a-f840396c9a8a",
                "type": "SystemAssigned"
              }
            ],
            "location": "eastus2",
            "managed_virtual_network_enabled": false,
            "name": "df-ergo-dev",
            "public_network_enabled": true,
            "resource_group_name": "saesa",
            "tags": {},
            "timeouts": {
              "create": null,
              "delete": null,
              "read": null,
              "update": null
            },
            "vsts_configuration": []
          },
          "sensitive_attributes": [],
          "private": "eyJlMmJmYjczMC1lY2FhLTExZTYtOGY4OC0zNDM2M2JjN2M0YzAiOnsiY3JlYXRlIjoxODAwMDAwMDAwMDAwLCJkZWxldGUiOjE4MDAwMDAwMDAwMDAsInJlYWQiOjMwMDAwMDAwMDAwMCwidXBkYXRlIjoxODAwMDAwMDAwMDAwfSwic2NoZW1hX3ZlcnNpb24iOiIyIn0=",
          "dependencies": [
            "azurerm_resource_group.rg"
          ]
        }
      ]
    },
    {
      "mode": "managed",
      "type": "azurerm_resource_group",
      "name": "rg",
      "provider": "provider[\"registry.terraform.io/hashicorp/azurerm\"]",
      "instances": [
        {
          "schema_version": 0,
          "attributes": {
            "id": "/subscriptions/c44e04a9-828f-4e12-860e-501e60d8c9f7/resourceGroups/SAESA",
            "location": "eastus2",
            "name": "SAESA",
            "tags": {},
            "timeouts": {
              "create": null,
              "delete": null,
              "read": null,
              "update": null
            }
          },
          "sensitive_attributes": [],
          "private": "eyJlMmJmYjczMC1lY2FhLTExZTYtOGY4OC0zNDM2M2JjN2M0YzAiOnsiY3JlYXRlIjo1NDAwMDAwMDAwMDAwLCJkZWxldGUiOjU0MDAwMDAwMDAwMDAsInJlYWQiOjMwMDAwMDAwMDAwMCwidXBkYXRlIjo1NDAwMDAwMDAwMDAwfSwic2NoZW1hX3ZlcnNpb24iOiIwIn0="
        }
      ]
    }
  ]
}
