{
  "version": 4,
  "terraform_version": "1.1.0",
  "serial": 18,
  "lineage": "a6f4750b-9ff1-c9d0-123c-762db44a527a",
  "outputs": {},
  "resources": [
    {
      "mode": "managed",
      "type": "azurerm_app_service_plan",
      "name": "rg",
      "provider": "provider[\"registry.terraform.io/hashicorp/azurerm\"]",
      "instances": [
        {
          "schema_version": 0,
          "attributes": {
            "app_service_environment_id": "",
            "id": "/subscriptions/c44e04a9-828f-4e12-860e-501e60d8c9f7/resourceGroups/SAESA/providers/Microsoft.Web/serverfarms/azure-functions-test-service-plan",
            "is_xenon": false,
            "kind": "elastic",
            "location": "eastus2",
            "maximum_elastic_worker_count": 1,
            "maximum_number_of_workers": 20,
            "name": "azure-functions-test-service-plan",
            "per_site_scaling": false,
            "reserved": false,
            "resource_group_name": "SAESA",
            "sku": [
              {
                "capacity": 1,
                "size": "EP1",
                "tier": "ElasticPremium"
              }
            ],
            "tags": null,
            "timeouts": null,
            "zone_redundant": false
          },
          "sensitive_attributes": [],
          "private": "eyJlMmJmYjczMC1lY2FhLTExZTYtOGY4OC0zNDM2M2JjN2M0YzAiOnsiY3JlYXRlIjozNjAwMDAwMDAwMDAwLCJkZWxldGUiOjM2MDAwMDAwMDAwMDAsInJlYWQiOjMwMDAwMDAwMDAwMCwidXBkYXRlIjozNjAwMDAwMDAwMDAwfX0=",
          "dependencies": [
            "azurerm_resource_group.rg"
          ]
        }
      ]
    },
    {
      "mode": "managed",
      "type": "azurerm_data_factory",
      "name": "dev",
      "provider": "provider[\"registry.terraform.io/hashicorp/azurerm\"]",
      "instances": [
        {
          "schema_version": 2,
          "attributes": {
            "customer_managed_key_id": null,
            "github_configuration": [],
            "global_parameter": [],
            "id": "/subscriptions/c44e04a9-828f-4e12-860e-501e60d8c9f7/resourceGroups/SAESA/providers/Microsoft.DataFactory/factories/df-ergo-dev-1",
            "identity": [],
            "location": "eastus2",
            "managed_virtual_network_enabled": false,
            "name": "df-ergo-dev-1",
            "public_network_enabled": true,
            "resource_group_name": "SAESA",
            "tags": null,
            "timeouts": null,
            "vsts_configuration": []
          },
          "sensitive_attributes": [],
          "private": "eyJlMmJmYjczMC1lY2FhLTExZTYtOGY4OC0zNDM2M2JjN2M0YzAiOnsiY3JlYXRlIjoxODAwMDAwMDAwMDAwLCJkZWxldGUiOjE4MDAwMDAwMDAwMDAsInJlYWQiOjMwMDAwMDAwMDAwMCwidXBkYXRlIjoxODAwMDAwMDAwMDAwfSwic2NoZW1hX3ZlcnNpb24iOiIyIn0=",
          "dependencies": [
            "azurerm_resource_group.rg"
          ]
        }
      ]
    },
    {
      "mode": "managed",
      "type": "azurerm_data_factory",
      "name": "rg",
      "provider": "provider[\"registry.terraform.io/hashicorp/azurerm\"]",
      "instances": [
        {
          "schema_version": 2,
          "attributes": {
            "customer_managed_key_id": null,
            "github_configuration": [],
            "global_parameter": [],
            "id": "/subscriptions/c44e04a9-828f-4e12-860e-501e60d8c9f7/resourceGroups/SAESA/providers/Microsoft.DataFactory/factories/df-ergo-prod",
            "identity": [],
            "location": "eastus2",
            "managed_virtual_network_enabled": false,
            "name": "df-ergo-prod",
            "public_network_enabled": true,
            "resource_group_name": "SAESA",
            "tags": null,
            "timeouts": null,
            "vsts_configuration": []
          },
          "sensitive_attributes": [],
          "private": "eyJlMmJmYjczMC1lY2FhLTExZTYtOGY4OC0zNDM2M2JjN2M0YzAiOnsiY3JlYXRlIjoxODAwMDAwMDAwMDAwLCJkZWxldGUiOjE4MDAwMDAwMDAwMDAsInJlYWQiOjMwMDAwMDAwMDAwMCwidXBkYXRlIjoxODAwMDAwMDAwMDAwfSwic2NoZW1hX3ZlcnNpb24iOiIyIn0=",
          "dependencies": [
            "azurerm_resource_group.rg"
          ]
        }
      ]
    },
    {
      "mode": "managed",
      "type": "azurerm_data_factory",
      "name": "test",
      "provider": "provider[\"registry.terraform.io/hashicorp/azurerm\"]",
      "instances": [
        {
          "schema_version": 2,
          "attributes": {
            "customer_managed_key_id": null,
            "github_configuration": [],
            "global_parameter": [],
            "id": "/subscriptions/c44e04a9-828f-4e12-860e-501e60d8c9f7/resourceGroups/SAESA/providers/Microsoft.DataFactory/factories/df-ergo-dev-2",
            "identity": [],
            "location": "eastus2",
            "managed_virtual_network_enabled": false,
            "name": "df-ergo-dev-2",
            "public_network_enabled": true,
            "resource_group_name": "SAESA",
            "tags": null,
            "timeouts": null,
            "vsts_configuration": []
          },
          "sensitive_attributes": [],
          "private": "eyJlMmJmYjczMC1lY2FhLTExZTYtOGY4OC0zNDM2M2JjN2M0YzAiOnsiY3JlYXRlIjoxODAwMDAwMDAwMDAwLCJkZWxldGUiOjE4MDAwMDAwMDAwMDAsInJlYWQiOjMwMDAwMDAwMDAwMCwidXBkYXRlIjoxODAwMDAwMDAwMDAwfSwic2NoZW1hX3ZlcnNpb24iOiIyIn0=",
          "dependencies": [
            "azurerm_resource_group.rg"
          ]
        }
      ]
    },
    {
      "mode": "managed",
      "type": "azurerm_databricks_workspace",
      "name": "dev",
      "provider": "provider[\"registry.terraform.io/hashicorp/azurerm\"]",
      "instances": [
        {
          "schema_version": 0,
          "attributes": {
            "custom_parameters": [
              {
                "machine_learning_workspace_id": "",
                "nat_gateway_name": "nat-gateway",
                "no_public_ip": false,
                "private_subnet_name": "",
                "private_subnet_network_security_group_association_id": "",
                "public_ip_name": "nat-gw-public-ip",
                "public_subnet_name": "",
                "public_subnet_network_security_group_association_id": "",
                "storage_account_name": "dbstoragejnkifmbk7fudc",
                "storage_account_sku_name": "Standard_GRS",
                "virtual_network_id": "",
                "vnet_address_prefix": "10.139"
              }
            ],
            "customer_managed_key_enabled": false,
            "id": "/subscriptions/c44e04a9-828f-4e12-860e-501e60d8c9f7/resourceGroups/SAESA/providers/Microsoft.Databricks/workspaces/databricks-dev",
            "infrastructure_encryption_enabled": false,
            "load_balancer_backend_address_pool_id": "",
            "location": "eastus2",
            "managed_resource_group_id": "/subscriptions/c44e04a9-828f-4e12-860e-501e60d8c9f7/resourceGroups/databricks-rg-SAESA",
            "managed_resource_group_name": "databricks-rg-SAESA",
            "managed_services_cmk_key_vault_key_id": null,
            "name": "databricks-dev",
            "network_security_group_rules_required": null,
            "public_network_access_enabled": true,
            "resource_group_name": "SAESA",
            "sku": "standard",
            "storage_account_identity": [],
            "tags": {
              "Environment": "Development"
            },
            "timeouts": null,
            "workspace_id": "7437716504196296",
            "workspace_url": "adb-7437716504196296.16.azuredatabricks.net"
          },
          "sensitive_attributes": [],
          "private": "eyJlMmJmYjczMC1lY2FhLTExZTYtOGY4OC0zNDM2M2JjN2M0YzAiOnsiY3JlYXRlIjoxODAwMDAwMDAwMDAwLCJkZWxldGUiOjE4MDAwMDAwMDAwMDAsInJlYWQiOjMwMDAwMDAwMDAwMCwidXBkYXRlIjoxODAwMDAwMDAwMDAwfX0=",
          "dependencies": [
            "azurerm_resource_group.rg"
          ]
        }
      ]
    },
    {
      "mode": "managed",
      "type": "azurerm_databricks_workspace",
      "name": "rg",
      "provider": "provider[\"registry.terraform.io/hashicorp/azurerm\"]",
      "instances": [
        {
          "schema_version": 0,
          "attributes": {
            "custom_parameters": [
              {
                "machine_learning_workspace_id": "",
                "nat_gateway_name": "nat-gateway",
                "no_public_ip": false,
                "private_subnet_name": "",
                "private_subnet_network_security_group_association_id": "",
                "public_ip_name": "nat-gw-public-ip",
                "public_subnet_name": "",
                "public_subnet_network_security_group_association_id": "",
                "storage_account_name": "dbstoragejnkifmbk7fudc",
                "storage_account_sku_name": "Standard_GRS",
                "virtual_network_id": "",
                "vnet_address_prefix": "10.139"
              }
            ],
            "customer_managed_key_enabled": false,
            "id": "/subscriptions/c44e04a9-828f-4e12-860e-501e60d8c9f7/resourceGroups/SAESA/providers/Microsoft.Databricks/workspaces/databricks-prod",
            "infrastructure_encryption_enabled": false,
            "load_balancer_backend_address_pool_id": "",
            "location": "eastus2",
            "managed_resource_group_id": "/subscriptions/c44e04a9-828f-4e12-860e-501e60d8c9f7/resourceGroups/databricks-rg-SAESA",
            "managed_resource_group_name": "databricks-rg-SAESA",
            "managed_services_cmk_key_vault_key_id": null,
            "name": "databricks-prod",
            "network_security_group_rules_required": null,
            "public_network_access_enabled": true,
            "resource_group_name": "SAESA",
            "sku": "standard",
            "storage_account_identity": [],
            "tags": {
              "Environment": "Production"
            },
            "timeouts": null,
            "workspace_id": "499570095141469",
            "workspace_url": "adb-499570095141469.9.azuredatabricks.net"
          },
          "sensitive_attributes": [],
          "private": "eyJlMmJmYjczMC1lY2FhLTExZTYtOGY4OC0zNDM2M2JjN2M0YzAiOnsiY3JlYXRlIjoxODAwMDAwMDAwMDAwLCJkZWxldGUiOjE4MDAwMDAwMDAwMDAsInJlYWQiOjMwMDAwMDAwMDAwMCwidXBkYXRlIjoxODAwMDAwMDAwMDAwfX0=",
          "dependencies": [
            "azurerm_resource_group.rg"
          ]
        }
      ]
    },
    {
      "mode": "managed",
      "type": "azurerm_resource_group",
      "name": "rg",
      "provider": "provider[\"registry.terraform.io/hashicorp/azurerm\"]",
      "instances": [
        {
          "schema_version": 0,
          "attributes": {
            "id": "/subscriptions/c44e04a9-828f-4e12-860e-501e60d8c9f7/resourceGroups/SAESA",
            "location": "eastus2",
            "name": "SAESA",
            "tags": {},
            "timeouts": null
          },
          "sensitive_attributes": [],
          "private": "eyJlMmJmYjczMC1lY2FhLTExZTYtOGY4OC0zNDM2M2JjN2M0YzAiOnsiY3JlYXRlIjo1NDAwMDAwMDAwMDAwLCJkZWxldGUiOjU0MDAwMDAwMDAwMDAsInJlYWQiOjMwMDAwMDAwMDAwMCwidXBkYXRlIjo1NDAwMDAwMDAwMDAwfX0="
        }
      ]
    },
    {
      "mode": "managed",
      "type": "azurerm_storage_account",
      "name": "rg",
      "provider": "provider[\"registry.terraform.io/hashicorp/azurerm\"]",
      "instances": [
        {
          "schema_version": 2,
          "attributes": {
            "access_tier": "Hot",
            "account_kind": "StorageV2",
            "account_replication_type": "LRS",
            "account_tier": "Standard",
            "allow_blob_public_access": false,
            "azure_files_authentication": [],
            "blob_properties": [
              {
                "change_feed_enabled": false,
                "container_delete_retention_policy": [],
                "cors_rule": [],
                "default_service_version": "",
                "delete_retention_policy": [],
                "last_access_time_enabled": false,
                "versioning_enabled": false
              }
            ],
            "custom_domain": [],
            "enable_https_traffic_only": true,
            "id": "/subscriptions/c44e04a9-828f-4e12-860e-501e60d8c9f7/resourceGroups/SAESA/providers/Microsoft.Storage/storageAccounts/pruebasaesa",
            "identity": [],
            "is_hns_enabled": false,
            "large_file_share_enabled": null,
            "location": "eastus2",
            "min_tls_version": "TLS1_0",
            "name": "pruebasaesa",
            "network_rules": [
              {
                "bypass": [
                  "AzureServices"
                ],
                "default_action": "Allow",
                "ip_rules": [],
                "private_link_access": [],
                "virtual_network_subnet_ids": []
              }
            ],
            "nfsv3_enabled": false,
            "primary_access_key": "H3iJBsMCkiSJCwnV1+l64S3nhtCluCrNC3jGjEgOWz7/HIaeqlKeJ5xYDm8Oy8KlTYMmkzzUpwbLh4p/FRBNFg==",
            "primary_blob_connection_string": "DefaultEndpointsProtocol=https;BlobEndpoint=https://pruebasaesa.blob.core.windows.net/;AccountName=pruebasaesa;AccountKey=H3iJBsMCkiSJCwnV1+l64S3nhtCluCrNC3jGjEgOWz7/HIaeqlKeJ5xYDm8Oy8KlTYMmkzzUpwbLh4p/FRBNFg==",
            "primary_blob_endpoint": "https://pruebasaesa.blob.core.windows.net/",
            "primary_blob_host": "pruebasaesa.blob.core.windows.net",
            "primary_connection_string": "DefaultEndpointsProtocol=https;AccountName=pruebasaesa;AccountKey=H3iJBsMCkiSJCwnV1+l64S3nhtCluCrNC3jGjEgOWz7/HIaeqlKeJ5xYDm8Oy8KlTYMmkzzUpwbLh4p/FRBNFg==;EndpointSuffix=core.windows.net",
            "primary_dfs_endpoint": "https://pruebasaesa.dfs.core.windows.net/",
            "primary_dfs_host": "pruebasaesa.dfs.core.windows.net",
            "primary_file_endpoint": "https://pruebasaesa.file.core.windows.net/",
            "primary_file_host": "pruebasaesa.file.core.windows.net",
            "primary_location": "eastus2",
            "primary_queue_endpoint": "https://pruebasaesa.queue.core.windows.net/",
            "primary_queue_host": "pruebasaesa.queue.core.windows.net",
            "primary_table_endpoint": "https://pruebasaesa.table.core.windows.net/",
            "primary_table_host": "pruebasaesa.table.core.windows.net",
            "primary_web_endpoint": "https://pruebasaesa.z20.web.core.windows.net/",
            "primary_web_host": "pruebasaesa.z20.web.core.windows.net",
            "queue_encryption_key_type": "Service",
            "queue_properties": [
              {
                "cors_rule": [],
                "hour_metrics": [
                  {
                    "enabled": true,
                    "include_apis": true,
                    "retention_policy_days": 7,
                    "version": "1.0"
                  }
                ],
                "logging": [
                  {
                    "delete": false,
                    "read": false,
                    "retention_policy_days": 0,
                    "version": "1.0",
                    "write": false
                  }
                ],
                "minute_metrics": [
                  {
                    "enabled": false,
                    "include_apis": false,
                    "retention_policy_days": 0,
                    "version": "1.0"
                  }
                ]
              }
            ],
            "resource_group_name": "SAESA",
            "routing": [],
            "secondary_access_key": "/cQ50gvI8TcrB6Vi0jWa3I+S+KLzGCdSRE+4YELkmGVhLXqGNZLIWLOsgHRApSgj86RvsJO/OjdHpHCJhVNb0A==",
            "secondary_blob_connection_string": "",
            "secondary_blob_endpoint": null,
            "secondary_blob_host": null,
            "secondary_connection_string": "DefaultEndpointsProtocol=https;AccountName=pruebasaesa;AccountKey=/cQ50gvI8TcrB6Vi0jWa3I+S+KLzGCdSRE+4YELkmGVhLXqGNZLIWLOsgHRApSgj86RvsJO/OjdHpHCJhVNb0A==;EndpointSuffix=core.windows.net",
            "secondary_dfs_endpoint": null,
            "secondary_dfs_host": null,
            "secondary_file_endpoint": null,
            "secondary_file_host": null,
            "secondary_location": "",
            "secondary_queue_endpoint": null,
            "secondary_queue_host": null,
            "secondary_table_endpoint": null,
            "secondary_table_host": null,
            "secondary_web_endpoint": null,
            "secondary_web_host": null,
            "share_properties": [
              {
                "cors_rule": [],
                "retention_policy": [
                  {
                    "days": 7
                  }
                ],
                "smb": []
              }
            ],
            "shared_access_key_enabled": true,
            "static_website": [],
            "table_encryption_key_type": "Service",
            "tags": {},
            "timeouts": null
          },
          "sensitive_attributes": [],
          "private": "eyJlMmJmYjczMC1lY2FhLTExZTYtOGY4OC0zNDM2M2JjN2M0YzAiOnsiY3JlYXRlIjozNjAwMDAwMDAwMDAwLCJkZWxldGUiOjM2MDAwMDAwMDAwMDAsInJlYWQiOjMwMDAwMDAwMDAwMCwidXBkYXRlIjozNjAwMDAwMDAwMDAwfSwic2NoZW1hX3ZlcnNpb24iOiIyIn0=",
          "dependencies": [
            "azurerm_resource_group.rg"
          ]
        }
      ]
    }
  ]
}
